
Microsoft Visual Studio Solution File, Format Version 12.00
# Visual Studio Version 16
VisualStudioVersion = 16.0.28621.142
MinimumVisualStudioVersion = 10.0.40219.1
Project("{FAE04EC0-301F-11D3-BF4B-00C04F79EFBC}") = "LoginFormNetCore", "LoginFormNetCore\LoginFormNetCore.csproj", "{307FF035-5C39-4A4B-BA22-0FE4DE71EC26}"
EndProject
Project("{FAE04EC0-301F-11D3-BF4B-00C04F79EFBC}") = "LoginFormNetCore.Desginer", "LoginFormNetCore.Desginer\LoginFormNetCore.Desginer.csproj", "{552A524D-DFDF-4F96-B34C-9E103F16A2B5}"
EndProject
Global
	GlobalSection(SolutionConfigurationPlatforms) = preSolution
		Debug|Any CPU = Debug|Any CPU
		Release|Any CPU = Release|Any CPU
	EndGlobalSection
	GlobalSection(ProjectConfigurationPlatforms) = postSolution
		{307FF035-5C39-4A4B-BA22-0FE4DE71EC26}.Debug|Any CPU.ActiveCfg = Debug|Any CPU
		{307FF035-5C39-4A4B-BA22-0FE4DE71EC26}.Debug|Any CPU.Build.0 = Debug|Any CPU
		{307FF035-5C39-4A4B-BA22-0FE4DE71EC26}.Release|Any CPU.ActiveCfg = Release|Any CPU
		{307FF035-5C39-4A4B-BA22-0FE4DE71EC26}.Release|Any CPU.Build.0 = Release|Any CPU
		{552A524D-DFDF-4F96-B34C-9E103F16A2B5}.Debug|Any CPU.ActiveCfg = Debug|Any CPU
		{552A524D-DFDF-4F96-B34C-9E103F16A2B5}.Debug|Any CPU.Build.0 = Debug|Any CPU
		{552A524D-DFDF-4F96-B34C-9E103F16A2B5}.Release|Any CPU.ActiveCfg = Release|Any CPU
		{552A524D-DFDF-4F96-B34C-9E103F16A2B5}.Release|Any CPU.Build.0 = Release|Any CPU
	EndGlobalSection
	GlobalSection(SolutionProperties) = preSolution
		HideSolutionNode = FALSE
	EndGlobalSection
	GlobalSection(ExtensibilityGlobals) = postSolution
		SolutionGuid = {5AC68EB7-0BDA-45BF-90BF-3ABF7DC2CE43}
	EndGlobalSection
EndGlobal
